
Microsoft Visual Studio Solution File, Format Version 12.00
# Visual Studio Version 17
VisualStudioVersion = 17.13.35931.197
MinimumVisualStudioVersion = 10.0.40219.1
Project("{FAE04EC0-301F-11D3-BF4B-00C04F79EFBC}") = "IntegrationTests.Akamai", "IntegrationTests.Akamai\IntegrationTests.Akamai.csproj", "{DABB5EDB-0368-4125-99B5-F6DAC2EA91B4}"
EndProject
Project("{FAE04EC0-301F-11D3-BF4B-00C04F79EFBC}") = "IntegrationTests.AspNetCore", "IntegrationTests.AspNetCore\IntegrationTests.AspNetCore.csproj", "{B80B03FF-6E3F-4ACA-B109-3A56AA95D7D3}"
EndProject
Project("{FAE04EC0-301F-11D3-BF4B-00C04F79EFBC}") = "IntegrationTests.Base", "IntegrationTests.BaseTests\IntegrationTests.Base.csproj", "{9568F013-9C64-EDA1-3D88-40594E776187}"
EndProject
Global
	GlobalSection(SolutionConfigurationPlatforms) = preSolution
		Debug|Any CPU = Debug|Any CPU
		Release|Any CPU = Release|Any CPU
	EndGlobalSection
	GlobalSection(ProjectConfigurationPlatforms) = postSolution
		{DABB5EDB-0368-4125-99B5-F6DAC2EA91B4}.Debug|Any CPU.ActiveCfg = Debug|Any CPU
		{DABB5EDB-0368-4125-99B5-F6DAC2EA91B4}.Debug|Any CPU.Build.0 = Debug|Any CPU
		{DABB5EDB-0368-4125-99B5-F6DAC2EA91B4}.Release|Any CPU.ActiveCfg = Release|Any CPU
		{DABB5EDB-0368-4125-99B5-F6DAC2EA91B4}.Release|Any CPU.Build.0 = Release|Any CPU
		{B80B03FF-6E3F-4ACA-B109-3A56AA95D7D3}.Debug|Any CPU.ActiveCfg = Debug|Any CPU
		{B80B03FF-6E3F-4ACA-B109-3A56AA95D7D3}.Debug|Any CPU.Build.0 = Debug|Any CPU
		{B80B03FF-6E3F-4ACA-B109-3A56AA95D7D3}.Release|Any CPU.ActiveCfg = Release|Any CPU
		{B80B03FF-6E3F-4ACA-B109-3A56AA95D7D3}.Release|Any CPU.Build.0 = Release|Any CPU
		{9568F013-9C64-EDA1-3D88-40594E776187}.Debug|Any CPU.ActiveCfg = Debug|Any CPU
		{9568F013-9C64-EDA1-3D88-40594E776187}.Debug|Any CPU.Build.0 = Debug|Any CPU
		{9568F013-9C64-EDA1-3D88-40594E776187}.Release|Any CPU.ActiveCfg = Release|Any CPU
		{9568F013-9C64-EDA1-3D88-40594E776187}.Release|Any CPU.Build.0 = Release|Any CPU
	EndGlobalSection
	GlobalSection(SolutionProperties) = preSolution
		HideSolutionNode = FALSE
	EndGlobalSection
	GlobalSection(ExtensibilityGlobals) = postSolution
		SolutionGuid = {BD3F4806-A0EC-45C8-B3B5-8904C0D24366}
	EndGlobalSection
EndGlobal
